
Microsoft Visual Studio Solution File, Format Version 12.00
# Visual Studio Version 17
VisualStudioVersion = 17.7.34031.279
MinimumVisualStudioVersion = 10.0.40219.1
Project("{9A19103F-16F7-4668-BE54-9A1E7A4F7556}") = "NextNovel", "NextNovel\NextNovel.csproj", "{812EE18E-04BA-497C-BEB0-997B288C351D}"
EndProject
Project("{8BC9CEB8-8B4A-11D0-8D11-00A0C91BC942}") = "Backend", "Backend\Backend.vcxproj", "{DD3E8F26-18F6-4B0A-9CD4-E4288E85579F}"
EndProject
Global
	GlobalSection(SolutionConfigurationPlatforms) = preSolution
		Debug|Any CPU = Debug|Any CPU
		Debug|x64 = Debug|x64
		Debug|x86 = Debug|x86
		Release|Any CPU = Release|Any CPU
		Release|x64 = Release|x64
		Release|x86 = Release|x86
	EndGlobalSection
	GlobalSection(ProjectConfigurationPlatforms) = postSolution
		{812EE18E-04BA-497C-BEB0-997B288C351D}.Debug|Any CPU.ActiveCfg = Debug|Any CPU
		{812EE18E-04BA-497C-BEB0-997B288C351D}.Debug|Any CPU.Build.0 = Debug|Any CPU
		{812EE18E-04BA-497C-BEB0-997B288C351D}.Debug|x64.ActiveCfg = Debug|Any CPU
		{812EE18E-04BA-497C-BEB0-997B288C351D}.Debug|x64.Build.0 = Debug|Any CPU
		{812EE18E-04BA-497C-BEB0-997B288C351D}.Debug|x86.ActiveCfg = Debug|Any CPU
		{812EE18E-04BA-497C-BEB0-997B288C351D}.Debug|x86.Build.0 = Debug|Any CPU
		{812EE18E-04BA-497C-BEB0-997B288C351D}.Release|Any CPU.ActiveCfg = Release|Any CPU
		{812EE18E-04BA-497C-BEB0-997B288C351D}.Release|Any CPU.Build.0 = Release|Any CPU
		{812EE18E-04BA-497C-BEB0-997B288C351D}.Release|x64.ActiveCfg = Release|Any CPU
		{812EE18E-04BA-497C-BEB0-997B288C351D}.Release|x64.Build.0 = Release|Any CPU
		{812EE18E-04BA-497C-BEB0-997B288C351D}.Release|x86.ActiveCfg = Release|Any CPU
		{812EE18E-04BA-497C-BEB0-997B288C351D}.Release|x86.Build.0 = Release|Any CPU
		{DD3E8F26-18F6-4B0A-9CD4-E4288E85579F}.Debug|Any CPU.ActiveCfg = Debug|x64
		{DD3E8F26-18F6-4B0A-9CD4-E4288E85579F}.Debug|Any CPU.Build.0 = Debug|x64
		{DD3E8F26-18F6-4B0A-9CD4-E4288E85579F}.Debug|x64.ActiveCfg = Debug|x64
		{DD3E8F26-18F6-4B0A-9CD4-E4288E85579F}.Debug|x64.Build.0 = Debug|x64
		{DD3E8F26-18F6-4B0A-9CD4-E4288E85579F}.Debug|x86.ActiveCfg = Debug|Win32
		{DD3E8F26-18F6-4B0A-9CD4-E4288E85579F}.Debug|x86.Build.0 = Debug|Win32
		{DD3E8F26-18F6-4B0A-9CD4-E4288E85579F}.Release|Any CPU.ActiveCfg = Release|x64
		{DD3E8F26-18F6-4B0A-9CD4-E4288E85579F}.Release|Any CPU.Build.0 = Release|x64
		{DD3E8F26-18F6-4B0A-9CD4-E4288E85579F}.Release|x64.ActiveCfg = Release|x64
		{DD3E8F26-18F6-4B0A-9CD4-E4288E85579F}.Release|x64.Build.0 = Release|x64
		{DD3E8F26-18F6-4B0A-9CD4-E4288E85579F}.Release|x86.ActiveCfg = Release|Win32
		{DD3E8F26-18F6-4B0A-9CD4-E4288E85579F}.Release|x86.Build.0 = Release|Win32
	EndGlobalSection
	GlobalSection(SolutionProperties) = preSolution
		HideSolutionNode = FALSE
	EndGlobalSection
	GlobalSection(ExtensibilityGlobals) = postSolution
		SolutionGuid = {89079D8F-DE78-4EBA-A3A9-13C7C6207691}
	EndGlobalSection
EndGlobal
